// !$*UTF8*$!
{
	archiveVersion = 1;
	classes = {
	};
	objectVersion = 46;
	objects = {

/* Begin PBXBuildFile section */
		05E770D5148046D000E7FD0E /* UIKit.framework in Frameworks */ = {isa = PBXBuildFile; fileRef = 05E770D4148046D000E7FD0E /* UIKit.framework */; };
		05E770D7148046D000E7FD0E /* Foundation.framework in Frameworks */ = {isa = PBXBuildFile; fileRef = 05E770D6148046D000E7FD0E /* Foundation.framework */; };
		05E770D9148046D000E7FD0E /* CoreGraphics.framework in Frameworks */ = {isa = PBXBuildFile; fileRef = 05E770D8148046D000E7FD0E /* CoreGraphics.framework */; };
		05E770DF148046D000E7FD0E /* InfoPlist.strings in Resources */ = {isa = PBXBuildFile; fileRef = 05E770DD148046D000E7FD0E /* InfoPlist.strings */; };
		05E770E1148046D000E7FD0E /* main.m in Sources */ = {isa = PBXBuildFile; fileRef = 05E770E0148046D000E7FD0E /* main.m */; };
		05E770E5148046D000E7FD0E /* AppDelegate.m in Sources */ = {isa = PBXBuildFile; fileRef = 05E770E4148046D000E7FD0E /* AppDelegate.m */; };
/* End PBXBuildFile section */

/* Begin PBXFileReference section */
		05E770D0148046D000E7FD0E /* iOSWorkshop111207.app */ = {isa = PBXFileReference; explicitFileType = wrapper.application; includeInIndex = 0; path = iOSWorkshop111207.app; sourceTree = BUILT_PRODUCTS_DIR; };
		05E770D4148046D000E7FD0E /* UIKit.framework */ = {isa = PBXFileReference; lastKnownFileType = wrapper.framework; name = UIKit.framework; path = System/Library/Frameworks/UIKit.framework; sourceTree = SDKROOT; };
		05E770D6148046D000E7FD0E /* Foundation.framework */ = {isa = PBXFileReference; lastKnownFileType = wrapper.framework; name = Foundation.framework; path = System/Library/Frameworks/Foundation.framework; sourceTree = SDKROOT; };
		05E770D8148046D000E7FD0E /* CoreGraphics.framework */ = {isa = PBXFileReference; lastKnownFileType = wrapper.framework; name = CoreGraphics.framework; path = System/Library/Frameworks/CoreGraphics.framework; sourceTree = SDKROOT; };
		05E770DC148046D000E7FD0E /* iOSWorkshop111207-Info.plist */ = {isa = PBXFileReference; lastKnownFileType = text.plist.xml; path = "iOSWorkshop111207-Info.plist"; sourceTree = "<group>"; };
		05E770DE148046D000E7FD0E /* en */ = {isa = PBXFileReference; lastKnownFileType = text.plist.strings; name = en; path = en.lproj/InfoPlist.strings; sourceTree = "<group>"; };
		05E770E0148046D000E7FD0E /* main.m */ = {isa = PBXFileReference; lastKnownFileType = sourcecode.c.objc; path = main.m; sourceTree = "<group>"; };
		05E770E2148046D000E7FD0E /* iOSWorkshop111207-Prefix.pch */ = {isa = PBXFileReference; lastKnownFileType = sourcecode.c.h; path = "iOSWorkshop111207-Prefix.pch"; sourceTree = "<group>"; };
		05E770E3148046D000E7FD0E /* AppDelegate.h */ = {isa = PBXFileReference; lastKnownFileType = sourcecode.c.h; path = AppDelegate.h; sourceTree = "<group>"; };
		05E770E4148046D000E7FD0E /* AppDelegate.m */ = {isa = PBXFileReference; lastKnownFileType = sourcecode.c.objc; path = AppDelegate.m; sourceTree = "<group>"; };
/* End PBXFileReference section */

/* Begin PBXFrameworksBuildPhase section */
		05E770CD148046D000E7FD0E /* Frameworks */ = {
			isa = PBXFrameworksBuildPhase;
			buildActionMask = 2147483647;
			files = (
				05E770D5148046D000E7FD0E /* UIKit.framework in Frameworks */,
				05E770D7148046D000E7FD0E /* Foundation.framework in Frameworks */,
				05E770D9148046D000E7FD0E /* CoreGraphics.framework in Frameworks */,
			);
			runOnlyForDeploymentPostprocessing = 0;
		};
/* End PBXFrameworksBuildPhase section */

/* Begin PBXGroup section */
		05E770C5148046D000E7FD0E = {
			isa = PBXGroup;
			children = (
				05E770DA148046D000E7FD0E /* iOSWorkshop111207 */,
				05E770D3148046D000E7FD0E /* Frameworks */,
				05E770D1148046D000E7FD0E /* Products */,
			);
			sourceTree = "<group>";
		};
		05E770D1148046D000E7FD0E /* Products */ = {
			isa = PBXGroup;
			children = (
				05E770D0148046D000E7FD0E /* iOSWorkshop111207.app */,
			);
			name = Products;
			sourceTree = "<group>";
		};
		05E770D3148046D000E7FD0E /* Frameworks */ = {
			isa = PBXGroup;
			children = (
				05E770D4148046D000E7FD0E /* UIKit.framework */,
				05E770D6148046D000E7FD0E /* Foundation.framework */,
				05E770D8148046D000E7FD0E /* CoreGraphics.framework */,
			);
			name = Frameworks;
			sourceTree = "<group>";
		};
		05E770DA148046D000E7FD0E /* iOSWorkshop111207 */ = {
			isa = PBXGroup;
			children = (
				05E770E3148046D000E7FD0E /* AppDelegate.h */,
				05E770E4148046D000E7FD0E /* AppDelegate.m */,
				05E770DB148046D000E7FD0E /* Supporting Files */,
			);
			path = iOSWorkshop111207;
			sourceTree = "<group>";
		};
		05E770DB148046D000E7FD0E /* Supporting Files */ = {
			isa = PBXGroup;
			children = (
				05E770DC148046D000E7FD0E /* iOSWorkshop111207-Info.plist */,
				05E770DD148046D000E7FD0E /* InfoPlist.strings */,
				05E770E0148046D000E7FD0E /* main.m */,
				05E770E2148046D000E7FD0E /* iOSWorkshop111207-Prefix.pch */,
			);
			name = "Supporting Files";
			sourceTree = "<group>";
		};
/* End PBXGroup section */

/* Begin PBXNativeTarget section */
		05E770CF148046D000E7FD0E /* iOSWorkshop111207 */ = {
			isa = PBXNativeTarget;
			buildConfigurationList = 05E770E8148046D000E7FD0E /* Build configuration list for PBXNativeTarget "iOSWorkshop111207" */;
			buildPhases = (
				05E770CC148046D000E7FD0E /* Sources */,
				05E770CD148046D000E7FD0E /* Frameworks */,
				05E770CE148046D000E7FD0E /* Resources */,
			);
			buildRules = (
			);
			dependencies = (
			);
			name = iOSWorkshop111207;
			productName = iOSWorkshop111207;
			productReference = 05E770D0148046D000E7FD0E /* iOSWorkshop111207.app */;
			productType = "com.apple.product-type.application";
		};
/* End PBXNativeTarget section */

/* Begin PBXProject section */
		05E770C7148046D000E7FD0E /* Project object */ = {
			isa = PBXProject;
			attributes = {
				LastUpgradeCheck = 0420;
			};
			buildConfigurationList = 05E770CA148046D000E7FD0E /* Build configuration list for PBXProject "iOSWorkshop111207" */;
			compatibilityVersion = "Xcode 3.2";
			developmentRegion = English;
			hasScannedForEncodings = 0;
			knownRegions = (
				en,
			);
			mainGroup = 05E770C5148046D000E7FD0E;
			productRefGroup = 05E770D1148046D000E7FD0E /* Products */;
			projectDirPath = "";
			projectRoot = "";
			targets = (
				05E770CF148046D000E7FD0E /* iOSWorkshop111207 */,
			);
		};
/* End PBXProject section */

/* Begin PBXResourcesBuildPhase section */
		05E770CE148046D000E7FD0E /* Resources */ = {
			isa = PBXResourcesBuildPhase;
			buildActionMask = 2147483647;
			files = (
				05E770DF148046D000E7FD0E /* InfoPlist.strings in Resources */,
			);
			runOnlyForDeploymentPostprocessing = 0;
		};
/* End PBXResourcesBuildPhase section */

/* Begin PBXSourcesBuildPhase section */
		05E770CC148046D000E7FD0E /* Sources */ = {
			isa = PBXSourcesBuildPhase;
			buildActionMask = 2147483647;
			files = (
				05E770E1148046D000E7FD0E /* main.m in Sources */,
				05E770E5148046D000E7FD0E /* AppDelegate.m in Sources */,
			);
			runOnlyForDeploymentPostprocessing = 0;
		};
/* End PBXSourcesBuildPhase section */

/* Begin PBXVariantGroup section */
		05E770DD148046D000E7FD0E /* InfoPlist.strings */ = {
			isa = PBXVariantGroup;
			children = (
				05E770DE148046D000E7FD0E /* en */,
			);
			name = InfoPlist.strings;
			sourceTree = "<group>";
		};
/* End PBXVariantGroup section */

/* Begin XCBuildConfiguration section */
		05E770E6148046D000E7FD0E /* Debug */ = {
			isa = XCBuildConfiguration;
			buildSettings = {
				ALWAYS_SEARCH_USER_PATHS = NO;
				ARCHS = "$(ARCHS_STANDARD_32_BIT)";
				"CODE_SIGN_IDENTITY[sdk=iphoneos*]" = "iPhone Developer";
				COPY_PHASE_STRIP = NO;
				GCC_C_LANGUAGE_STANDARD = gnu99;
				GCC_DYNAMIC_NO_PIC = NO;
				GCC_OPTIMIZATION_LEVEL = 0;
				GCC_PREPROCESSOR_DEFINITIONS = (
					"DEBUG=1",
					"$(inherited)",
				);
				GCC_SYMBOLS_PRIVATE_EXTERN = NO;
				GCC_VERSION = com.apple.compilers.llvm.clang.1_0;
				GCC_WARN_ABOUT_MISSING_PROTOTYPES = YES;
				GCC_WARN_ABOUT_RETURN_TYPE = YES;
				GCC_WARN_UNUSED_VARIABLE = YES;
				IPHONEOS_DEPLOYMENT_TARGET = 5.0;
				SDKROOT = iphoneos;
			};
			name = Debug;
		};
		05E770E7148046D000E7FD0E /* Release */ = {
			isa = XCBuildConfiguration;
			buildSettings = {
				ALWAYS_SEARCH_USER_PATHS = NO;
				ARCHS = "$(ARCHS_STANDARD_32_BIT)";
				"CODE_SIGN_IDENTITY[sdk=iphoneos*]" = "iPhone Developer";
				COPY_PHASE_STRIP = YES;
				GCC_C_LANGUAGE_STANDARD = gnu99;
				GCC_VERSION = com.apple.compilers.llvm.clang.1_0;
				GCC_WARN_ABOUT_MISSING_PROTOTYPES = YES;
				GCC_WARN_ABOUT_RETURN_TYPE = YES;
				GCC_WARN_UNUSED_VARIABLE = YES;
				IPHONEOS_DEPLOYMENT_TARGET = 5.0;
				OTHER_CFLAGS = "-DNS_BLOCK_ASSERTIONS=1";
				SDKROOT = iphoneos;
				VALIDATE_PRODUCT = YES;
			};
			name = Release;
		};
		05E770E9148046D000E7FD0E /* Debug */ = {
			isa = XCBuildConfiguration;
			buildSettings = {
				GCC_PRECOMPILE_PREFIX_HEADER = YES;
				GCC_PREFIX_HEADER = "iOSWorkshop111207/iOSWorkshop111207-Prefix.pch";
				INFOPLIST_FILE = "iOSWorkshop111207/iOSWorkshop111207-Info.plist";
				PRODUCT_NAME = "$(TARGET_NAME)";
				WRAPPER_EXTENSION = app;
			};
			name = Debug;
		};
		05E770EA148046D000E7FD0E /* Release */ = {
			isa = XCBuildConfiguration;
			buildSettings = {
				GCC_PRECOMPILE_PREFIX_HEADER = YES;
				GCC_PREFIX_HEADER = "iOSWorkshop111207/iOSWorkshop111207-Prefix.pch";
				INFOPLIST_FILE = "iOSWorkshop111207/iOSWorkshop111207-Info.plist";
				PRODUCT_NAME = "$(TARGET_NAME)";
				WRAPPER_EXTENSION = app;
			};
			name = Release;
		};
/* End XCBuildConfiguration section */

/* Begin XCConfigurationList section */
		05E770CA148046D000E7FD0E /* Build configuration list for PBXProject "iOSWorkshop111207" */ = {
			isa = XCConfigurationList;
			buildConfigurations = (
				05E770E6148046D000E7FD0E /* Debug */,
				05E770E7148046D000E7FD0E /* Release */,
			);
			defaultConfigurationIsVisible = 0;
			defaultConfigurationName = Release;
		};
		05E770E8148046D000E7FD0E /* Build configuration list for PBXNativeTarget "iOSWorkshop111207" */ = {
			isa = XCConfigurationList;
			buildConfigurations = (
				05E770E9148046D000E7FD0E /* Debug */,
				05E770EA148046D000E7FD0E /* Release */,
			);
			defaultConfigurationIsVisible = 0;
		};
/* End XCConfigurationList section */
	};
	rootObject = 05E770C7148046D000E7FD0E /* Project object */;
}
